
Microsoft Visual Studio Solution File, Format Version 12.00
# Visual Studio 15
Project("{FAE04EC0-301F-11D3-BF4B-00C04F79EFBC}") = "brewery-backend", "brewery-backend.csproj", "{6CEC0C6C-E409-4836-8819-1EE24B0FAD68}"
EndProject
Global
	GlobalSection(SolutionConfigurationPlatforms) = preSolution
		Debug|Any CPU = Debug|Any CPU
		Release|Any CPU = Release|Any CPU
	EndGlobalSection
	GlobalSection(ProjectConfigurationPlatforms) = postSolution
		{6CEC0C6C-E409-4836-8819-1EE24B0FAD68}.Debug|Any CPU.ActiveCfg = Debug|Any CPU
		{6CEC0C6C-E409-4836-8819-1EE24B0FAD68}.Debug|Any CPU.Build.0 = Debug|Any CPU
		{6CEC0C6C-E409-4836-8819-1EE24B0FAD68}.Release|Any CPU.ActiveCfg = Release|Any CPU
		{6CEC0C6C-E409-4836-8819-1EE24B0FAD68}.Release|Any CPU.Build.0 = Release|Any CPU
	EndGlobalSection
EndGlobal
